
Microsoft Visual Studio Solution File, Format Version 12.00
# Visual Studio Version 16
VisualStudioVersion = 16.0.32428.217
MinimumVisualStudioVersion = 10.0.40219.1
Project("{FAE04EC0-301F-11D3-BF4B-00C04F79EFBC}") = "web_quan_ly_thue_xe", "web_quan_ly_thue_xe\web_quan_ly_thue_xe.csproj", "{A7537BE0-49ED-4CF5-9E17-21A2A9D24261}"
EndProject
Global
	GlobalSection(SolutionConfigurationPlatforms) = preSolution
		Debug|Any CPU = Debug|Any CPU
		Release|Any CPU = Release|Any CPU
	EndGlobalSection
	GlobalSection(ProjectConfigurationPlatforms) = postSolution
		{A7537BE0-49ED-4CF5-9E17-21A2A9D24261}.Debug|Any CPU.ActiveCfg = Debug|Any CPU
		{A7537BE0-49ED-4CF5-9E17-21A2A9D24261}.Debug|Any CPU.Build.0 = Debug|Any CPU
		{A7537BE0-49ED-4CF5-9E17-21A2A9D24261}.Release|Any CPU.ActiveCfg = Release|Any CPU
		{A7537BE0-49ED-4CF5-9E17-21A2A9D24261}.Release|Any CPU.Build.0 = Release|Any CPU
	EndGlobalSection
	GlobalSection(SolutionProperties) = preSolution
		HideSolutionNode = FALSE
	EndGlobalSection
	GlobalSection(ExtensibilityGlobals) = postSolution
		SolutionGuid = {90599DF0-C558-43A4-9BC4-9C79C86E2D7B}
	EndGlobalSection
EndGlobal
